
Microsoft Visual Studio Solution File, Format Version 12.00
# Visual Studio 15
VisualStudioVersion = 15.0.27130.2026
MinimumVisualStudioVersion = 10.0.40219.1
Project("{FAE04EC0-301F-11D3-BF4B-00C04F79EFBC}") = "elMain", "elMain\elMain.csproj", "{2EE7CEC7-23CD-4CFB-80C3-E8BD78215C5A}"
EndProject
Project("{FAE04EC0-301F-11D3-BF4B-00C04F79EFBC}") = "Entidades", "Entidades\Entidades.csproj", "{EB0BB961-6B48-45E7-91B3-854CB40BC7A5}"
EndProject
Global
	GlobalSection(SolutionConfigurationPlatforms) = preSolution
		Debug|Any CPU = Debug|Any CPU
		Release|Any CPU = Release|Any CPU
	EndGlobalSection
	GlobalSection(ProjectConfigurationPlatforms) = postSolution
		{2EE7CEC7-23CD-4CFB-80C3-E8BD78215C5A}.Debug|Any CPU.ActiveCfg = Debug|Any CPU
		{2EE7CEC7-23CD-4CFB-80C3-E8BD78215C5A}.Debug|Any CPU.Build.0 = Debug|Any CPU
		{2EE7CEC7-23CD-4CFB-80C3-E8BD78215C5A}.Release|Any CPU.ActiveCfg = Release|Any CPU
		{2EE7CEC7-23CD-4CFB-80C3-E8BD78215C5A}.Release|Any CPU.Build.0 = Release|Any CPU
		{EB0BB961-6B48-45E7-91B3-854CB40BC7A5}.Debug|Any CPU.ActiveCfg = Debug|Any CPU
		{EB0BB961-6B48-45E7-91B3-854CB40BC7A5}.Debug|Any CPU.Build.0 = Debug|Any CPU
		{EB0BB961-6B48-45E7-91B3-854CB40BC7A5}.Release|Any CPU.ActiveCfg = Release|Any CPU
		{EB0BB961-6B48-45E7-91B3-854CB40BC7A5}.Release|Any CPU.Build.0 = Release|Any CPU
	EndGlobalSection
	GlobalSection(SolutionProperties) = preSolution
		HideSolutionNode = FALSE
	EndGlobalSection
	GlobalSection(ExtensibilityGlobals) = postSolution
		SolutionGuid = {89652E58-2C2E-45D4-B89C-92E1DD96F5D8}
	EndGlobalSection
EndGlobal
